
Microsoft Visual Studio Solution File, Format Version 12.00
# Visual Studio 14
VisualStudioVersion = 14.0.25420.1
MinimumVisualStudioVersion = 10.0.40219.1
Project("{9092AA53-FB77-4645-B42D-1CCCA6BD08BD}") = "vzpoljs", "vzpoljs.njsproj", "{5C111B90-B589-47F8-A623-4EE48486AE0B}"
EndProject
Global
	GlobalSection(SolutionConfigurationPlatforms) = preSolution
		Debug|Any CPU = Debug|Any CPU
		Release|Any CPU = Release|Any CPU
	EndGlobalSection
	GlobalSection(ProjectConfigurationPlatforms) = postSolution
		{5C111B90-B589-47F8-A623-4EE48486AE0B}.Debug|Any CPU.ActiveCfg = Debug|Any CPU
		{5C111B90-B589-47F8-A623-4EE48486AE0B}.Debug|Any CPU.Build.0 = Debug|Any CPU
		{5C111B90-B589-47F8-A623-4EE48486AE0B}.Release|Any CPU.ActiveCfg = Release|Any CPU
		{5C111B90-B589-47F8-A623-4EE48486AE0B}.Release|Any CPU.Build.0 = Release|Any CPU
	EndGlobalSection
	GlobalSection(SolutionProperties) = preSolution
		HideSolutionNode = FALSE
	EndGlobalSection
EndGlobal
